Microsoft Visual Studio Solution File, Format Version 12.00
# Visual Studio Version 17
VisualStudioVersion = 17.5.2.0
MinimumVisualStudioVersion = 10.0.40219.1
Project("{2150E333-8FDC-42A3-9474-1A3956D46DE8}") = "ASP Dot Net Development", "ASP Dot Net Development", "{213E1077-5B61-BA2A-DEBD-8611AF640EA2}"
EndProject
Project("{FAE04EC0-301F-11D3-BF4B-00C04F79EFBC}") = "FirstDotNetApp", "ASP Dot Net Development\FirstDotNetApp\FirstDotNetApp.csproj", "{FA587AD8-08F0-B0AD-1622-1EB8FC3AD4FB}"
EndProject
Global
	GlobalSection(SolutionConfigurationPlatforms) = preSolution
		Debug|Any CPU = Debug|Any CPU
		Release|Any CPU = Release|Any CPU
	EndGlobalSection
	GlobalSection(ProjectConfigurationPlatforms) = postSolution
		{FA587AD8-08F0-B0AD-1622-1EB8FC3AD4FB}.Debug|Any CPU.ActiveCfg = Debug|Any CPU
		{FA587AD8-08F0-B0AD-1622-1EB8FC3AD4FB}.Debug|Any CPU.Build.0 = Debug|Any CPU
		{FA587AD8-08F0-B0AD-1622-1EB8FC3AD4FB}.Release|Any CPU.ActiveCfg = Release|Any CPU
		{FA587AD8-08F0-B0AD-1622-1EB8FC3AD4FB}.Release|Any CPU.Build.0 = Release|Any CPU
	EndGlobalSection
	GlobalSection(SolutionProperties) = preSolution
		HideSolutionNode = FALSE
	EndGlobalSection
	GlobalSection(NestedProjects) = preSolution
		{FA587AD8-08F0-B0AD-1622-1EB8FC3AD4FB} = {213E1077-5B61-BA2A-DEBD-8611AF640EA2}
	EndGlobalSection
	GlobalSection(ExtensibilityGlobals) = postSolution
		SolutionGuid = {FB9F4168-054E-44D6-BB05-F97EC9F4ECFA}
	EndGlobalSection
EndGlobal
